
Microsoft Visual Studio Solution File, Format Version 12.00
# Visual Studio Version 17
VisualStudioVersion = 17.10.35013.160
MinimumVisualStudioVersion = 10.0.40219.1
Project("{FAE04EC0-301F-11D3-BF4B-00C04F79EFBC}") = "ToDoWebApp", "ToDoWebApp\ToDoWebApp.csproj", "{9604BAA8-EF81-4366-9EE4-4FF38EAE7A21}"
EndProject
Global
	GlobalSection(SolutionConfigurationPlatforms) = preSolution
		Debug|Any CPU = Debug|Any CPU
		Release|Any CPU = Release|Any CPU
	EndGlobalSection
	GlobalSection(ProjectConfigurationPlatforms) = postSolution
		{9604BAA8-EF81-4366-9EE4-4FF38EAE7A21}.Debug|Any CPU.ActiveCfg = Debug|Any CPU
		{9604BAA8-EF81-4366-9EE4-4FF38EAE7A21}.Debug|Any CPU.Build.0 = Debug|Any CPU
		{9604BAA8-EF81-4366-9EE4-4FF38EAE7A21}.Release|Any CPU.ActiveCfg = Release|Any CPU
		{9604BAA8-EF81-4366-9EE4-4FF38EAE7A21}.Release|Any CPU.Build.0 = Release|Any CPU
	EndGlobalSection
	GlobalSection(SolutionProperties) = preSolution
		HideSolutionNode = FALSE
	EndGlobalSection
	GlobalSection(ExtensibilityGlobals) = postSolution
		SolutionGuid = {F9756844-E133-455C-9C2F-339BD0CD6B91}
	EndGlobalSection
EndGlobal
